// !$*UTF8*$!
{
	archiveVersion = 1;
	classes = {
	};
	objectVersion = 50;
	objects = {

/* Begin PBXBuildFile section */
		C9937B6624770AC3003403C8 /* AppDelegate.swift in Sources */ = {isa = PBXBuildFile; fileRef = C9937B6524770AC3003403C8 /* AppDelegate.swift */; };
		C9937B6824770AC3003403C8 /* SceneDelegate.swift in Sources */ = {isa = PBXBuildFile; fileRef = C9937B6724770AC3003403C8 /* SceneDelegate.swift */; };
		C9937B6A24770AC3003403C8 /* ViewController.swift in Sources */ = {isa = PBXBuildFile; fileRef = C9937B6924770AC3003403C8 /* ViewController.swift */; };
		C9937B6F24770AC3003403C8 /* Assets.xcassets in Resources */ = {isa = PBXBuildFile; fileRef = C9937B6E24770AC3003403C8 /* Assets.xcassets */; };
		C9937B7224770AC3003403C8 /* LaunchScreen.storyboard in Resources */ = {isa = PBXBuildFile; fileRef = C9937B7024770AC3003403C8 /* LaunchScreen.storyboard */; };
		C9937B7B24770D07003403C8 /* DrawingBoundingBoxView.swift in Sources */ = {isa = PBXBuildFile; fileRef = C9937B7A24770D07003403C8 /* DrawingBoundingBoxView.swift */; };
		C9937B7D24770D27003403C8 /* VideoCapture.swift in Sources */ = {isa = PBXBuildFile; fileRef = C9937B7C24770D27003403C8 /* VideoCapture.swift */; };
/* End PBXBuildFile section */

/* Begin PBXFileReference section */
		C9937B6224770AC3003403C8 /* Rekognize-App.app */ = {isa = PBXFileReference; explicitFileType = wrapper.application; includeInIndex = 0; path = "Rekognize-App.app"; sourceTree = BUILT_PRODUCTS_DIR; };
		C9937B6524770AC3003403C8 /* AppDelegate.swift */ = {isa = PBXFileReference; lastKnownFileType = sourcecode.swift; path = AppDelegate.swift; sourceTree = "<group>"; };
		C9937B6724770AC3003403C8 /* SceneDelegate.swift */ = {isa = PBXFileReference; lastKnownFileType = sourcecode.swift; path = SceneDelegate.swift; sourceTree = "<group>"; };
		C9937B6924770AC3003403C8 /* ViewController.swift */ = {isa = PBXFileReference; lastKnownFileType = sourcecode.swift; path = ViewController.swift; sourceTree = "<group>"; };
		C9937B6E24770AC3003403C8 /* Assets.xcassets */ = {isa = PBXFileReference; lastKnownFileType = folder.assetcatalog; path = Assets.xcassets; sourceTree = "<group>"; };
		C9937B7124770AC3003403C8 /* Base */ = {isa = PBXFileReference; lastKnownFileType = file.storyboard; name = Base; path = Base.lproj/LaunchScreen.storyboard; sourceTree = "<group>"; };
		C9937B7324770AC3003403C8 /* Info.plist */ = {isa = PBXFileReference; lastKnownFileType = text.plist.xml; path = Info.plist; sourceTree = "<group>"; };
		C9937B7A24770D07003403C8 /* DrawingBoundingBoxView.swift */ = {isa = PBXFileReference; lastKnownFileType = sourcecode.swift; path = DrawingBoundingBoxView.swift; sourceTree = "<group>"; };
		C9937B7C24770D27003403C8 /* VideoCapture.swift */ = {isa = PBXFileReference; lastKnownFileType = sourcecode.swift; path = VideoCapture.swift; sourceTree = "<group>"; };
/* End PBXFileReference section */

/* Begin PBXFrameworksBuildPhase section */
		C9937B5F24770AC2003403C8 /* Frameworks */ = {
			isa = PBXFrameworksBuildPhase;
			buildActionMask = 2147483647;
			files = (
			);
			runOnlyForDeploymentPostprocessing = 0;
		};
/* End PBXFrameworksBuildPhase section */

/* Begin PBXGroup section */
		C9937B5924770AC2003403C8 = {
			isa = PBXGroup;
			children = (
				C9937B6424770AC3003403C8 /* Rekognize-App */,
				C9937B6324770AC3003403C8 /* Products */,
			);
			sourceTree = "<group>";
		};
		C9937B6324770AC3003403C8 /* Products */ = {
			isa = PBXGroup;
			children = (
				C9937B6224770AC3003403C8 /* Rekognize-App.app */,
			);
			name = Products;
			sourceTree = "<group>";
		};
		C9937B6424770AC3003403C8 /* Rekognize-App */ = {
			isa = PBXGroup;
			children = (
				C9937B7924770CA0003403C8 /* Utilities */,
				C9937B6524770AC3003403C8 /* AppDelegate.swift */,
				C9937B6724770AC3003403C8 /* SceneDelegate.swift */,
				C9937B6924770AC3003403C8 /* ViewController.swift */,
				C9937B6E24770AC3003403C8 /* Assets.xcassets */,
				C9937B7024770AC3003403C8 /* LaunchScreen.storyboard */,
				C9937B7324770AC3003403C8 /* Info.plist */,
			);
			path = "Rekognize-App";
			sourceTree = "<group>";
		};
		C9937B7924770CA0003403C8 /* Utilities */ = {
			isa = PBXGroup;
			children = (
				C9937B7A24770D07003403C8 /* DrawingBoundingBoxView.swift */,
				C9937B7C24770D27003403C8 /* VideoCapture.swift */,
			);
			path = Utilities;
			sourceTree = "<group>";
		};
/* End PBXGroup section */

/* Begin PBXNativeTarget section */
		C9937B6124770AC2003403C8 /* Rekognize-App */ = {
			isa = PBXNativeTarget;
			buildConfigurationList = C9937B7624770AC3003403C8 /* Build configuration list for PBXNativeTarget "Rekognize-App" */;
			buildPhases = (
				C9937B5E24770AC2003403C8 /* Sources */,
				C9937B5F24770AC2003403C8 /* Frameworks */,
				C9937B6024770AC2003403C8 /* Resources */,
			);
			buildRules = (
			);
			dependencies = (
			);
			name = "Rekognize-App";
			productName = "Rekognize-App";
			productReference = C9937B6224770AC3003403C8 /* Rekognize-App.app */;
			productType = "com.apple.product-type.application";
		};
/* End PBXNativeTarget section */

/* Begin PBXProject section */
		C9937B5A24770AC2003403C8 /* Project object */ = {
			isa = PBXProject;
			attributes = {
				LastSwiftUpdateCheck = 1150;
				LastUpgradeCheck = 1150;
				ORGANIZATIONNAME = "Tiago Ramalho";
				TargetAttributes = {
					C9937B6124770AC2003403C8 = {
						CreatedOnToolsVersion = 11.5;
					};
				};
			};
			buildConfigurationList = C9937B5D24770AC2003403C8 /* Build configuration list for PBXProject "Rekognize-App" */;
			compatibilityVersion = "Xcode 9.3";
			developmentRegion = en;
			hasScannedForEncodings = 0;
			knownRegions = (
				en,
				Base,
			);
			mainGroup = C9937B5924770AC2003403C8;
			productRefGroup = C9937B6324770AC3003403C8 /* Products */;
			projectDirPath = "";
			projectRoot = "";
			targets = (
				C9937B6124770AC2003403C8 /* Rekognize-App */,
			);
		};
/* End PBXProject section */

/* Begin PBXResourcesBuildPhase section */
		C9937B6024770AC2003403C8 /* Resources */ = {
			isa = PBXResourcesBuildPhase;
			buildActionMask = 2147483647;
			files = (
				C9937B7224770AC3003403C8 /* LaunchScreen.storyboard in Resources */,
				C9937B6F24770AC3003403C8 /* Assets.xcassets in Resources */,
			);
			runOnlyForDeploymentPostprocessing = 0;
		};
/* End PBXResourcesBuildPhase section */

/* Begin PBXSourcesBuildPhase section */
		C9937B5E24770AC2003403C8 /* Sources */ = {
			isa = PBXSourcesBuildPhase;
			buildActionMask = 2147483647;
			files = (
				C9937B6A24770AC3003403C8 /* ViewController.swift in Sources */,
				C9937B7D24770D27003403C8 /* VideoCapture.swift in Sources */,
				C9937B7B24770D07003403C8 /* DrawingBoundingBoxView.swift in Sources */,
				C9937B6624770AC3003403C8 /* AppDelegate.swift in Sources */,
				C9937B6824770AC3003403C8 /* SceneDelegate.swift in Sources */,
			);
			runOnlyForDeploymentPostprocessing = 0;
		};
/* End PBXSourcesBuildPhase section */

/* Begin PBXVariantGroup section */
		C9937B7024770AC3003403C8 /* LaunchScreen.storyboard */ = {
			isa = PBXVariantGroup;
			children = (
				C9937B7124770AC3003403C8 /* Base */,
			);
			name = LaunchScreen.storyboard;
			sourceTree = "<group>";
		};
/* End PBXVariantGroup section */

/* Begin XCBuildConfiguration section */
		C9937B7424770AC3003403C8 /* Debug */ = {
			isa = XCBuildConfiguration;
			buildSettings = {
				ALWAYS_SEARCH_USER_PATHS = NO;
				CLANG_ANALYZER_NONNULL = YES;
				CLANG_ANALYZER_NUMBER_OBJECT_CONVERSION = YES_AGGRESSIVE;
				CLANG_CXX_LANGUAGE_STANDARD = "gnu++14";
				CLANG_CXX_LIBRARY = "libc++";
				CLANG_ENABLE_MODULES = YES;
				CLANG_ENABLE_OBJC_ARC = YES;
				CLANG_ENABLE_OBJC_WEAK = YES;
				CLANG_WARN_BLOCK_CAPTURE_AUTORELEASING = YES;
				CLANG_WARN_BOOL_CONVERSION = YES;
				CLANG_WARN_COMMA = YES;
				CLANG_WARN_CONSTANT_CONVERSION = YES;
				CLANG_WARN_DEPRECATED_OBJC_IMPLEMENTATIONS = YES;
				CLANG_WARN_DIRECT_OBJC_ISA_USAGE = YES_ERROR;
				CLANG_WARN_DOCUMENTATION_COMMENTS = YES;
				CLANG_WARN_EMPTY_BODY = YES;
				CLANG_WARN_ENUM_CONVERSION = YES;
				CLANG_WARN_INFINITE_RECURSION = YES;
				CLANG_WARN_INT_CONVERSION = YES;
				CLANG_WARN_NON_LITERAL_NULL_CONVERSION = YES;
				CLANG_WARN_OBJC_IMPLICIT_RETAIN_SELF = YES;
				CLANG_WARN_OBJC_LITERAL_CONVERSION = YES;
				CLANG_WARN_OBJC_ROOT_CLASS = YES_ERROR;
				CLANG_WARN_RANGE_LOOP_ANALYSIS = YES;
				CLANG_WARN_STRICT_PROTOTYPES = YES;
				CLANG_WARN_SUSPICIOUS_MOVE = YES;
				CLANG_WARN_UNGUARDED_AVAILABILITY = YES_AGGRESSIVE;
				CLANG_WARN_UNREACHABLE_CODE = YES;
				CLANG_WARN__DUPLICATE_METHOD_MATCH = YES;
				COPY_PHASE_STRIP = NO;
				DEBUG_INFORMATION_FORMAT = dwarf;
				ENABLE_STRICT_OBJC_MSGSEND = YES;
				ENABLE_TESTABILITY = YES;
				GCC_C_LANGUAGE_STANDARD = gnu11;
				GCC_DYNAMIC_NO_PIC = NO;
				GCC_NO_COMMON_BLOCKS = YES;
				GCC_OPTIMIZATION_LEVEL = 0;
				GCC_PREPROCESSOR_DEFINITIONS = (
					"DEBUG=1",
					"$(inherited)",
				);
				GCC_WARN_64_TO_32_BIT_CONVERSION = YES;
				GCC_WARN_ABOUT_RETURN_TYPE = YES_ERROR;
				GCC_WARN_UNDECLARED_SELECTOR = YES;
				GCC_WARN_UNINITIALIZED_AUTOS = YES_AGGRESSIVE;
				GCC_WARN_UNUSED_FUNCTION = YES;
				GCC_WARN_UNUSED_VARIABLE = YES;
				IPHONEOS_DEPLOYMENT_TARGET = 13.5;
				MTL_ENABLE_DEBUG_INFO = INCLUDE_SOURCE;
				MTL_FAST_MATH = YES;
				ONLY_ACTIVE_ARCH = YES;
				SDKROOT = iphoneos;
				SWIFT_ACTIVE_COMPILATION_CONDITIONS = DEBUG;
				SWIFT_OPTIMIZATION_LEVEL = "-Onone";
			};
			name = Debug;
		};
		C9937B7524770AC3003403C8 /* Release */ = {
			isa = XCBuildConfiguration;
			buildSettings = {
				ALWAYS_SEARCH_USER_PATHS = NO;
				CLANG_ANALYZER_NONNULL = YES;
				CLANG_ANALYZER_NUMBER_OBJECT_CONVERSION = YES_AGGRESSIVE;
				CLANG_CXX_LANGUAGE_STANDARD = "gnu++14";
				CLANG_CXX_LIBRARY = "libc++";
				CLANG_ENABLE_MODULES = YES;
				CLANG_ENABLE_OBJC_ARC = YES;
				CLANG_ENABLE_OBJC_WEAK = YES;
				CLANG_WARN_BLOCK_CAPTURE_AUTORELEASING = YES;
				CLANG_WARN_BOOL_CONVERSION = YES;
				CLANG_WARN_COMMA = YES;
				CLANG_WARN_CONSTANT_CONVERSION = YES;
				CLANG_WARN_DEPRECATED_OBJC_IMPLEMENTATIONS = YES;
				CLANG_WARN_DIRECT_OBJC_ISA_USAGE = YES_ERROR;
				CLANG_WARN_DOCUMENTATION_COMMENTS = YES;
				CLANG_WARN_EMPTY_BODY = YES;
				CLANG_WARN_ENUM_CONVERSION = YES;
				CLANG_WARN_INFINITE_RECURSION = YES;
				CLANG_WARN_INT_CONVERSION = YES;
				CLANG_WARN_NON_LITERAL_NULL_CONVERSION = YES;
				CLANG_WARN_OBJC_IMPLICIT_RETAIN_SELF = YES;
				CLANG_WARN_OBJC_LITERAL_CONVERSION = YES;
				CLANG_WARN_OBJC_ROOT_CLASS = YES_ERROR;
				CLANG_WARN_RANGE_LOOP_ANALYSIS = YES;
				CLANG_WARN_STRICT_PROTOTYPES = YES;
				CLANG_WARN_SUSPICIOUS_MOVE = YES;
				CLANG_WARN_UNGUARDED_AVAILABILITY = YES_AGGRESSIVE;
				CLANG_WARN_UNREACHABLE_CODE = YES;
				CLANG_WARN__DUPLICATE_METHOD_MATCH = YES;
				COPY_PHASE_STRIP = NO;
				DEBUG_INFORMATION_FORMAT = "dwarf-with-dsym";
				ENABLE_NS_ASSERTIONS = NO;
				ENABLE_STRICT_OBJC_MSGSEND = YES;
				GCC_C_LANGUAGE_STANDARD = gnu11;
				GCC_NO_COMMON_BLOCKS = YES;
				GCC_WARN_64_TO_32_BIT_CONVERSION = YES;
				GCC_WARN_ABOUT_RETURN_TYPE = YES_ERROR;
				GCC_WARN_UNDECLARED_SELECTOR = YES;
				GCC_WARN_UNINITIALIZED_AUTOS = YES_AGGRESSIVE;
				GCC_WARN_UNUSED_FUNCTION = YES;
				GCC_WARN_UNUSED_VARIABLE = YES;
				IPHONEOS_DEPLOYMENT_TARGET = 13.5;
				MTL_ENABLE_DEBUG_INFO = NO;
				MTL_FAST_MATH = YES;
				SDKROOT = iphoneos;
				SWIFT_COMPILATION_MODE = wholemodule;
				SWIFT_OPTIMIZATION_LEVEL = "-O";
				VALIDATE_PRODUCT = YES;
			};
			name = Release;
		};
		C9937B7724770AC3003403C8 /* Debug */ = {
			isa = XCBuildConfiguration;
			buildSettings = {
				ASSETCATALOG_COMPILER_APPICON_NAME = AppIcon;
				CODE_SIGN_STYLE = Automatic;
				DEVELOPMENT_TEAM = 88VELNWB8T;
				INFOPLIST_FILE = "Rekognize-App/Info.plist";
				LD_RUNPATH_SEARCH_PATHS = (
					"$(inherited)",
					"@executable_path/Frameworks",
				);
				PRODUCT_BUNDLE_IDENTIFIER = "TiagoRamalho.Rekognize-App";
				PRODUCT_NAME = "$(TARGET_NAME)";
				SWIFT_VERSION = 5.0;
				TARGETED_DEVICE_FAMILY = "1,2";
			};
			name = Debug;
		};
		C9937B7824770AC3003403C8 /* Release */ = {
			isa = XCBuildConfiguration;
			buildSettings = {
				ASSETCATALOG_COMPILER_APPICON_NAME = AppIcon;
				CODE_SIGN_STYLE = Automatic;
				DEVELOPMENT_TEAM = 88VELNWB8T;
				INFOPLIST_FILE = "Rekognize-App/Info.plist";
				LD_RUNPATH_SEARCH_PATHS = (
					"$(inherited)",
					"@executable_path/Frameworks",
				);
				PRODUCT_BUNDLE_IDENTIFIER = "TiagoRamalho.Rekognize-App";
				PRODUCT_NAME = "$(TARGET_NAME)";
				SWIFT_VERSION = 5.0;
				TARGETED_DEVICE_FAMILY = "1,2";
			};
			name = Release;
		};
/* End XCBuildConfiguration section */

/* Begin XCConfigurationList section */
		C9937B5D24770AC2003403C8 /* Build configuration list for PBXProject "Rekognize-App" */ = {
			isa = XCConfigurationList;
			buildConfigurations = (
				C9937B7424770AC3003403C8 /* Debug */,
				C9937B7524770AC3003403C8 /* Release */,
			);
			defaultConfigurationIsVisible = 0;
			defaultConfigurationName = Release;
		};
		C9937B7624770AC3003403C8 /* Build configuration list for PBXNativeTarget "Rekognize-App" */ = {
			isa = XCConfigurationList;
			buildConfigurations = (
				C9937B7724770AC3003403C8 /* Debug */,
				C9937B7824770AC3003403C8 /* Release */,
			);
			defaultConfigurationIsVisible = 0;
			defaultConfigurationName = Release;
		};
/* End XCConfigurationList section */
	};
	rootObject = C9937B5A24770AC2003403C8 /* Project object */;
}
